
Microsoft Visual Studio Solution File, Format Version 12.00
# Visual Studio Version 17
VisualStudioVersion = 17.0.31903.59
MinimumVisualStudioVersion = 10.0.40219.1
Project("{2150E333-8FDC-42A3-9474-1A3956D46DE8}") = "annealing", "annealing", "{6A095F44-93A3-4347-93A4-F79F853631EC}"
EndProject
Project("{FAE04EC0-301F-11D3-BF4B-00C04F79EFBC}") = "annealing_ConsoleApp", "annealing\annealing_ConsoleApp\annealing_ConsoleApp.csproj", "{206502D7-CB29-4F76-8DAD-AAEF1D611BB3}"
EndProject
Global
	GlobalSection(SolutionConfigurationPlatforms) = preSolution
		Debug|Any CPU = Debug|Any CPU
		Release|Any CPU = Release|Any CPU
	EndGlobalSection
	GlobalSection(SolutionProperties) = preSolution
		HideSolutionNode = FALSE
	EndGlobalSection
	GlobalSection(ProjectConfigurationPlatforms) = postSolution
		{206502D7-CB29-4F76-8DAD-AAEF1D611BB3}.Debug|Any CPU.ActiveCfg = Debug|Any CPU
		{206502D7-CB29-4F76-8DAD-AAEF1D611BB3}.Debug|Any CPU.Build.0 = Debug|Any CPU
		{206502D7-CB29-4F76-8DAD-AAEF1D611BB3}.Release|Any CPU.ActiveCfg = Release|Any CPU
		{206502D7-CB29-4F76-8DAD-AAEF1D611BB3}.Release|Any CPU.Build.0 = Release|Any CPU
	EndGlobalSection
	GlobalSection(NestedProjects) = preSolution
		{206502D7-CB29-4F76-8DAD-AAEF1D611BB3} = {6A095F44-93A3-4347-93A4-F79F853631EC}
	EndGlobalSection
EndGlobal
